
Microsoft Visual Studio Solution File, Format Version 12.00
# Visual Studio Version 16
VisualStudioVersion = 16.0.31729.503
MinimumVisualStudioVersion = 10.0.40219.1
Project("{9A19103F-16F7-4668-BE54-9A1E7A4F7556}") = "RecolhakiWeb", "RecolhakiWeb\RecolhakiWeb.csproj", "{8F8ADD23-3808-454E-B212-DC91ECD7EE2A}"
EndProject
Project("{9A19103F-16F7-4668-BE54-9A1E7A4F7556}") = "Core", "Core\Core.csproj", "{0F906E95-0A9C-4C47-B7C3-0BA1A1B88879}"
EndProject
Project("{9A19103F-16F7-4668-BE54-9A1E7A4F7556}") = "Service", "Service\Service.csproj", "{865972D3-2F80-4565-A061-9D0A31869404}"
EndProject
Project("{FAE04EC0-301F-11D3-BF4B-00C04F79EFBC}") = "RecolhakiWebTests", "RecolhakiWebTests\RecolhakiWebTests.csproj", "{D407551D-B619-4B5F-8920-A5F63A063D1C}"
EndProject
Project("{FAE04EC0-301F-11D3-BF4B-00C04F79EFBC}") = "ServiceTests", "ServiceTests\ServiceTests.csproj", "{BA77AB23-F2CD-44F6-A7A0-6EEAD5CC50FD}"
EndProject
Global
	GlobalSection(SolutionConfigurationPlatforms) = preSolution
		Debug|Any CPU = Debug|Any CPU
		Release|Any CPU = Release|Any CPU
	EndGlobalSection
	GlobalSection(ProjectConfigurationPlatforms) = postSolution
		{8F8ADD23-3808-454E-B212-DC91ECD7EE2A}.Debug|Any CPU.ActiveCfg = Debug|Any CPU
		{8F8ADD23-3808-454E-B212-DC91ECD7EE2A}.Debug|Any CPU.Build.0 = Debug|Any CPU
		{8F8ADD23-3808-454E-B212-DC91ECD7EE2A}.Release|Any CPU.ActiveCfg = Release|Any CPU
		{8F8ADD23-3808-454E-B212-DC91ECD7EE2A}.Release|Any CPU.Build.0 = Release|Any CPU
		{0F906E95-0A9C-4C47-B7C3-0BA1A1B88879}.Debug|Any CPU.ActiveCfg = Debug|Any CPU
		{0F906E95-0A9C-4C47-B7C3-0BA1A1B88879}.Debug|Any CPU.Build.0 = Debug|Any CPU
		{0F906E95-0A9C-4C47-B7C3-0BA1A1B88879}.Release|Any CPU.ActiveCfg = Release|Any CPU
		{0F906E95-0A9C-4C47-B7C3-0BA1A1B88879}.Release|Any CPU.Build.0 = Release|Any CPU
		{865972D3-2F80-4565-A061-9D0A31869404}.Debug|Any CPU.ActiveCfg = Debug|Any CPU
		{865972D3-2F80-4565-A061-9D0A31869404}.Debug|Any CPU.Build.0 = Debug|Any CPU
		{865972D3-2F80-4565-A061-9D0A31869404}.Release|Any CPU.ActiveCfg = Release|Any CPU
		{865972D3-2F80-4565-A061-9D0A31869404}.Release|Any CPU.Build.0 = Release|Any CPU
		{D407551D-B619-4B5F-8920-A5F63A063D1C}.Debug|Any CPU.ActiveCfg = Debug|Any CPU
		{D407551D-B619-4B5F-8920-A5F63A063D1C}.Debug|Any CPU.Build.0 = Debug|Any CPU
		{D407551D-B619-4B5F-8920-A5F63A063D1C}.Release|Any CPU.ActiveCfg = Release|Any CPU
		{D407551D-B619-4B5F-8920-A5F63A063D1C}.Release|Any CPU.Build.0 = Release|Any CPU
		{BA77AB23-F2CD-44F6-A7A0-6EEAD5CC50FD}.Debug|Any CPU.ActiveCfg = Debug|Any CPU
		{BA77AB23-F2CD-44F6-A7A0-6EEAD5CC50FD}.Debug|Any CPU.Build.0 = Debug|Any CPU
		{BA77AB23-F2CD-44F6-A7A0-6EEAD5CC50FD}.Release|Any CPU.ActiveCfg = Release|Any CPU
		{BA77AB23-F2CD-44F6-A7A0-6EEAD5CC50FD}.Release|Any CPU.Build.0 = Release|Any CPU
	EndGlobalSection
	GlobalSection(SolutionProperties) = preSolution
		HideSolutionNode = FALSE
	EndGlobalSection
	GlobalSection(ExtensibilityGlobals) = postSolution
		SolutionGuid = {1648C75F-999C-4212-B5EE-6A947E00A53B}
	EndGlobalSection
EndGlobal
